// !$*UTF8*$!
{
	archiveVersion = 1;
	classes = {
	};
	objectVersion = 46;
	objects = {

/* Begin PBXBuildFile section */
		3B2D63461D86EFBC000BCA84 /* AppDelegate.swift in Sources */ = {isa = PBXBuildFile; fileRef = 3B2D63451D86EFBC000BCA84 /* AppDelegate.swift */; };
		3B2D63481D86EFBC000BCA84 /* ViewController.swift in Sources */ = {isa = PBXBuildFile; fileRef = 3B2D63471D86EFBC000BCA84 /* ViewController.swift */; };
		3B2D634B1D86EFBC000BCA84 /* Main.storyboard in Resources */ = {isa = PBXBuildFile; fileRef = 3B2D63491D86EFBC000BCA84 /* Main.storyboard */; };
		3B2D634D1D86EFBC000BCA84 /* Assets.xcassets in Resources */ = {isa = PBXBuildFile; fileRef = 3B2D634C1D86EFBC000BCA84 /* Assets.xcassets */; };
		3B2D63501D86EFBC000BCA84 /* LaunchScreen.storyboard in Resources */ = {isa = PBXBuildFile; fileRef = 3B2D634E1D86EFBC000BCA84 /* LaunchScreen.storyboard */; };
		3B2D635B1D86EFBC000BCA84 /* PerformTests.swift in Sources */ = {isa = PBXBuildFile; fileRef = 3B2D635A1D86EFBC000BCA84 /* PerformTests.swift */; };
		3B2D63661D86EFBC000BCA84 /* PerformUITests.swift in Sources */ = {isa = PBXBuildFile; fileRef = 3B2D63651D86EFBC000BCA84 /* PerformUITests.swift */; };
		3B2D63741D86F11B000BCA84 /* SessionViewController.swift in Sources */ = {isa = PBXBuildFile; fileRef = 3B2D63731D86F11B000BCA84 /* SessionViewController.swift */; };
		3B2D63761D86F28B000BCA84 /* ProgressViewController.swift in Sources */ = {isa = PBXBuildFile; fileRef = 3B2D63751D86F28B000BCA84 /* ProgressViewController.swift */; };
		3B2D63781D86F2AC000BCA84 /* UserViewController.swift in Sources */ = {isa = PBXBuildFile; fileRef = 3B2D63771D86F2AC000BCA84 /* UserViewController.swift */; };
		3B2D637A1D871345000BCA84 /* CoachViewController.swift in Sources */ = {isa = PBXBuildFile; fileRef = 3B2D63791D871345000BCA84 /* CoachViewController.swift */; };
		3B2D637C1D87135A000BCA84 /* SettingsViewController.swift in Sources */ = {isa = PBXBuildFile; fileRef = 3B2D637B1D87135A000BCA84 /* SettingsViewController.swift */; };
/* End PBXBuildFile section */

/* Begin PBXContainerItemProxy section */
		3B2D63571D86EFBC000BCA84 /* PBXContainerItemProxy */ = {
			isa = PBXContainerItemProxy;
			containerPortal = 3B2D633A1D86EFBC000BCA84 /* Project object */;
			proxyType = 1;
			remoteGlobalIDString = 3B2D63411D86EFBC000BCA84;
			remoteInfo = Perform;
		};
		3B2D63621D86EFBC000BCA84 /* PBXContainerItemProxy */ = {
			isa = PBXContainerItemProxy;
			containerPortal = 3B2D633A1D86EFBC000BCA84 /* Project object */;
			proxyType = 1;
			remoteGlobalIDString = 3B2D63411D86EFBC000BCA84;
			remoteInfo = Perform;
		};
/* End PBXContainerItemProxy section */

/* Begin PBXFileReference section */
		3B2D63421D86EFBC000BCA84 /* Perform.app */ = {isa = PBXFileReference; explicitFileType = wrapper.application; includeInIndex = 0; path = Perform.app; sourceTree = BUILT_PRODUCTS_DIR; };
		3B2D63451D86EFBC000BCA84 /* AppDelegate.swift */ = {isa = PBXFileReference; lastKnownFileType = sourcecode.swift; path = AppDelegate.swift; sourceTree = "<group>"; };
		3B2D63471D86EFBC000BCA84 /* ViewController.swift */ = {isa = PBXFileReference; lastKnownFileType = sourcecode.swift; path = ViewController.swift; sourceTree = "<group>"; };
		3B2D634A1D86EFBC000BCA84 /* Base */ = {isa = PBXFileReference; lastKnownFileType = file.storyboard; name = Base; path = Base.lproj/Main.storyboard; sourceTree = "<group>"; };
		3B2D634C1D86EFBC000BCA84 /* Assets.xcassets */ = {isa = PBXFileReference; lastKnownFileType = folder.assetcatalog; path = Assets.xcassets; sourceTree = "<group>"; };
		3B2D634F1D86EFBC000BCA84 /* Base */ = {isa = PBXFileReference; lastKnownFileType = file.storyboard; name = Base; path = Base.lproj/LaunchScreen.storyboard; sourceTree = "<group>"; };
		3B2D63511D86EFBC000BCA84 /* Info.plist */ = {isa = PBXFileReference; lastKnownFileType = text.plist.xml; path = Info.plist; sourceTree = "<group>"; };
		3B2D63561D86EFBC000BCA84 /* PerformTests.xctest */ = {isa = PBXFileReference; explicitFileType = wrapper.cfbundle; includeInIndex = 0; path = PerformTests.xctest; sourceTree = BUILT_PRODUCTS_DIR; };
		3B2D635A1D86EFBC000BCA84 /* PerformTests.swift */ = {isa = PBXFileReference; lastKnownFileType = sourcecode.swift; path = PerformTests.swift; sourceTree = "<group>"; };
		3B2D635C1D86EFBC000BCA84 /* Info.plist */ = {isa = PBXFileReference; lastKnownFileType = text.plist.xml; path = Info.plist; sourceTree = "<group>"; };
		3B2D63611D86EFBC000BCA84 /* PerformUITests.xctest */ = {isa = PBXFileReference; explicitFileType = wrapper.cfbundle; includeInIndex = 0; path = PerformUITests.xctest; sourceTree = BUILT_PRODUCTS_DIR; };
		3B2D63651D86EFBC000BCA84 /* PerformUITests.swift */ = {isa = PBXFileReference; lastKnownFileType = sourcecode.swift; path = PerformUITests.swift; sourceTree = "<group>"; };
		3B2D63671D86EFBC000BCA84 /* Info.plist */ = {isa = PBXFileReference; lastKnownFileType = text.plist.xml; path = Info.plist; sourceTree = "<group>"; };
		3B2D63731D86F11B000BCA84 /* SessionViewController.swift */ = {isa = PBXFileReference; fileEncoding = 4; lastKnownFileType = sourcecode.swift; path = SessionViewController.swift; sourceTree = "<group>"; };
		3B2D63751D86F28B000BCA84 /* ProgressViewController.swift */ = {isa = PBXFileReference; fileEncoding = 4; lastKnownFileType = sourcecode.swift; path = ProgressViewController.swift; sourceTree = "<group>"; };
		3B2D63771D86F2AC000BCA84 /* UserViewController.swift */ = {isa = PBXFileReference; fileEncoding = 4; lastKnownFileType = sourcecode.swift; path = UserViewController.swift; sourceTree = "<group>"; };
		3B2D63791D871345000BCA84 /* CoachViewController.swift */ = {isa = PBXFileReference; fileEncoding = 4; lastKnownFileType = sourcecode.swift; path = CoachViewController.swift; sourceTree = "<group>"; };
		3B2D637B1D87135A000BCA84 /* SettingsViewController.swift */ = {isa = PBXFileReference; fileEncoding = 4; lastKnownFileType = sourcecode.swift; path = SettingsViewController.swift; sourceTree = "<group>"; };
/* End PBXFileReference section */

/* Begin PBXFrameworksBuildPhase section */
		3B2D633F1D86EFBC000BCA84 /* Frameworks */ = {
			isa = PBXFrameworksBuildPhase;
			buildActionMask = 2147483647;
			files = (
			);
			runOnlyForDeploymentPostprocessing = 0;
		};
		3B2D63531D86EFBC000BCA84 /* Frameworks */ = {
			isa = PBXFrameworksBuildPhase;
			buildActionMask = 2147483647;
			files = (
			);
			runOnlyForDeploymentPostprocessing = 0;
		};
		3B2D635E1D86EFBC000BCA84 /* Frameworks */ = {
			isa = PBXFrameworksBuildPhase;
			buildActionMask = 2147483647;
			files = (
			);
			runOnlyForDeploymentPostprocessing = 0;
		};
/* End PBXFrameworksBuildPhase section */

/* Begin PBXGroup section */
		3B2D63391D86EFBC000BCA84 = {
			isa = PBXGroup;
			children = (
				3B2D63441D86EFBC000BCA84 /* Perform */,
				3B2D63591D86EFBC000BCA84 /* PerformTests */,
				3B2D63641D86EFBC000BCA84 /* PerformUITests */,
				3B2D63431D86EFBC000BCA84 /* Products */,
			);
			sourceTree = "<group>";
		};
		3B2D63431D86EFBC000BCA84 /* Products */ = {
			isa = PBXGroup;
			children = (
				3B2D63421D86EFBC000BCA84 /* Perform.app */,
				3B2D63561D86EFBC000BCA84 /* PerformTests.xctest */,
				3B2D63611D86EFBC000BCA84 /* PerformUITests.xctest */,
			);
			name = Products;
			sourceTree = "<group>";
		};
		3B2D63441D86EFBC000BCA84 /* Perform */ = {
			isa = PBXGroup;
			children = (
				3B2D63451D86EFBC000BCA84 /* AppDelegate.swift */,
				3B2D63471D86EFBC000BCA84 /* ViewController.swift */,
				3B2D63491D86EFBC000BCA84 /* Main.storyboard */,
				3B2D634C1D86EFBC000BCA84 /* Assets.xcassets */,
				3B2D634E1D86EFBC000BCA84 /* LaunchScreen.storyboard */,
				3B2D63511D86EFBC000BCA84 /* Info.plist */,
				3B2D63731D86F11B000BCA84 /* SessionViewController.swift */,
				3B2D63751D86F28B000BCA84 /* ProgressViewController.swift */,
				3B2D63771D86F2AC000BCA84 /* UserViewController.swift */,
				3B2D63791D871345000BCA84 /* CoachViewController.swift */,
				3B2D637B1D87135A000BCA84 /* SettingsViewController.swift */,
			);
			path = Perform;
			sourceTree = "<group>";
		};
		3B2D63591D86EFBC000BCA84 /* PerformTests */ = {
			isa = PBXGroup;
			children = (
				3B2D635A1D86EFBC000BCA84 /* PerformTests.swift */,
				3B2D635C1D86EFBC000BCA84 /* Info.plist */,
			);
			path = PerformTests;
			sourceTree = "<group>";
		};
		3B2D63641D86EFBC000BCA84 /* PerformUITests */ = {
			isa = PBXGroup;
			children = (
				3B2D63651D86EFBC000BCA84 /* PerformUITests.swift */,
				3B2D63671D86EFBC000BCA84 /* Info.plist */,
			);
			path = PerformUITests;
			sourceTree = "<group>";
		};
/* End PBXGroup section */

/* Begin PBXNativeTarget section */
		3B2D63411D86EFBC000BCA84 /* Perform */ = {
			isa = PBXNativeTarget;
			buildConfigurationList = 3B2D636A1D86EFBC000BCA84 /* Build configuration list for PBXNativeTarget "Perform" */;
			buildPhases = (
				3B2D633E1D86EFBC000BCA84 /* Sources */,
				3B2D633F1D86EFBC000BCA84 /* Frameworks */,
				3B2D63401D86EFBC000BCA84 /* Resources */,
			);
			buildRules = (
			);
			dependencies = (
			);
			name = Perform;
			productName = Perform;
			productReference = 3B2D63421D86EFBC000BCA84 /* Perform.app */;
			productType = "com.apple.product-type.application";
		};
		3B2D63551D86EFBC000BCA84 /* PerformTests */ = {
			isa = PBXNativeTarget;
			buildConfigurationList = 3B2D636D1D86EFBC000BCA84 /* Build configuration list for PBXNativeTarget "PerformTests" */;
			buildPhases = (
				3B2D63521D86EFBC000BCA84 /* Sources */,
				3B2D63531D86EFBC000BCA84 /* Frameworks */,
				3B2D63541D86EFBC000BCA84 /* Resources */,
			);
			buildRules = (
			);
			dependencies = (
				3B2D63581D86EFBC000BCA84 /* PBXTargetDependency */,
			);
			name = PerformTests;
			productName = PerformTests;
			productReference = 3B2D63561D86EFBC000BCA84 /* PerformTests.xctest */;
			productType = "com.apple.product-type.bundle.unit-test";
		};
		3B2D63601D86EFBC000BCA84 /* PerformUITests */ = {
			isa = PBXNativeTarget;
			buildConfigurationList = 3B2D63701D86EFBC000BCA84 /* Build configuration list for PBXNativeTarget "PerformUITests" */;
			buildPhases = (
				3B2D635D1D86EFBC000BCA84 /* Sources */,
				3B2D635E1D86EFBC000BCA84 /* Frameworks */,
				3B2D635F1D86EFBC000BCA84 /* Resources */,
			);
			buildRules = (
			);
			dependencies = (
				3B2D63631D86EFBC000BCA84 /* PBXTargetDependency */,
			);
			name = PerformUITests;
			productName = PerformUITests;
			productReference = 3B2D63611D86EFBC000BCA84 /* PerformUITests.xctest */;
			productType = "com.apple.product-type.bundle.ui-testing";
		};
/* End PBXNativeTarget section */

/* Begin PBXProject section */
		3B2D633A1D86EFBC000BCA84 /* Project object */ = {
			isa = PBXProject;
			attributes = {
				LastSwiftUpdateCheck = 0730;
				LastUpgradeCheck = 0730;
				ORGANIZATIONNAME = "___FULLUSERNAME__";
				TargetAttributes = {
					3B2D63411D86EFBC000BCA84 = {
						CreatedOnToolsVersion = 7.3.1;
					};
					3B2D63551D86EFBC000BCA84 = {
						CreatedOnToolsVersion = 7.3.1;
						TestTargetID = 3B2D63411D86EFBC000BCA84;
					};
					3B2D63601D86EFBC000BCA84 = {
						CreatedOnToolsVersion = 7.3.1;
						TestTargetID = 3B2D63411D86EFBC000BCA84;
					};
				};
			};
			buildConfigurationList = 3B2D633D1D86EFBC000BCA84 /* Build configuration list for PBXProject "Perform" */;
			compatibilityVersion = "Xcode 3.2";
			developmentRegion = English;
			hasScannedForEncodings = 0;
			knownRegions = (
				en,
				Base,
			);
			mainGroup = 3B2D63391D86EFBC000BCA84;
			productRefGroup = 3B2D63431D86EFBC000BCA84 /* Products */;
			projectDirPath = "";
			projectRoot = "";
			targets = (
				3B2D63411D86EFBC000BCA84 /* Perform */,
				3B2D63551D86EFBC000BCA84 /* PerformTests */,
				3B2D63601D86EFBC000BCA84 /* PerformUITests */,
			);
		};
/* End PBXProject section */

/* Begin PBXResourcesBuildPhase section */
		3B2D63401D86EFBC000BCA84 /* Resources */ = {
			isa = PBXResourcesBuildPhase;
			buildActionMask = 2147483647;
			files = (
				3B2D63501D86EFBC000BCA84 /* LaunchScreen.storyboard in Resources */,
				3B2D634D1D86EFBC000BCA84 /* Assets.xcassets in Resources */,
				3B2D634B1D86EFBC000BCA84 /* Main.storyboard in Resources */,
			);
			runOnlyForDeploymentPostprocessing = 0;
		};
		3B2D63541D86EFBC000BCA84 /* Resources */ = {
			isa = PBXResourcesBuildPhase;
			buildActionMask = 2147483647;
			files = (
			);
			runOnlyForDeploymentPostprocessing = 0;
		};
		3B2D635F1D86EFBC000BCA84 /* Resources */ = {
			isa = PBXResourcesBuildPhase;
			buildActionMask = 2147483647;
			files = (
			);
			runOnlyForDeploymentPostprocessing = 0;
		};
/* End PBXResourcesBuildPhase section */

/* Begin PBXSourcesBuildPhase section */
		3B2D633E1D86EFBC000BCA84 /* Sources */ = {
			isa = PBXSourcesBuildPhase;
			buildActionMask = 2147483647;
			files = (
				3B2D63741D86F11B000BCA84 /* SessionViewController.swift in Sources */,
				3B2D63781D86F2AC000BCA84 /* UserViewController.swift in Sources */,
				3B2D637C1D87135A000BCA84 /* SettingsViewController.swift in Sources */,
				3B2D63481D86EFBC000BCA84 /* ViewController.swift in Sources */,
				3B2D63461D86EFBC000BCA84 /* AppDelegate.swift in Sources */,
				3B2D63761D86F28B000BCA84 /* ProgressViewController.swift in Sources */,
				3B2D637A1D871345000BCA84 /* CoachViewController.swift in Sources */,
			);
			runOnlyForDeploymentPostprocessing = 0;
		};
		3B2D63521D86EFBC000BCA84 /* Sources */ = {
			isa = PBXSourcesBuildPhase;
			buildActionMask = 2147483647;
			files = (
				3B2D635B1D86EFBC000BCA84 /* PerformTests.swift in Sources */,
			);
			runOnlyForDeploymentPostprocessing = 0;
		};
		3B2D635D1D86EFBC000BCA84 /* Sources */ = {
			isa = PBXSourcesBuildPhase;
			buildActionMask = 2147483647;
			files = (
				3B2D63661D86EFBC000BCA84 /* PerformUITests.swift in Sources */,
			);
			runOnlyForDeploymentPostprocessing = 0;
		};
/* End PBXSourcesBuildPhase section */

/* Begin PBXTargetDependency section */
		3B2D63581D86EFBC000BCA84 /* PBXTargetDependency */ = {
			isa = PBXTargetDependency;
			target = 3B2D63411D86EFBC000BCA84 /* Perform */;
			targetProxy = 3B2D63571D86EFBC000BCA84 /* PBXContainerItemProxy */;
		};
		3B2D63631D86EFBC000BCA84 /* PBXTargetDependency */ = {
			isa = PBXTargetDependency;
			target = 3B2D63411D86EFBC000BCA84 /* Perform */;
			targetProxy = 3B2D63621D86EFBC000BCA84 /* PBXContainerItemProxy */;
		};
/* End PBXTargetDependency section */

/* Begin PBXVariantGroup section */
		3B2D63491D86EFBC000BCA84 /* Main.storyboard */ = {
			isa = PBXVariantGroup;
			children = (
				3B2D634A1D86EFBC000BCA84 /* Base */,
			);
			name = Main.storyboard;
			sourceTree = "<group>";
		};
		3B2D634E1D86EFBC000BCA84 /* LaunchScreen.storyboard */ = {
			isa = PBXVariantGroup;
			children = (
				3B2D634F1D86EFBC000BCA84 /* Base */,
			);
			name = LaunchScreen.storyboard;
			sourceTree = "<group>";
		};
/* End PBXVariantGroup section */

/* Begin XCBuildConfiguration section */
		3B2D63681D86EFBC000BCA84 /* Debug */ = {
			isa = XCBuildConfiguration;
			buildSettings = {
				ALWAYS_SEARCH_USER_PATHS = NO;
				CLANG_ANALYZER_NONNULL = YES;
				CLANG_CXX_LANGUAGE_STANDARD = "gnu++0x";
				CLANG_CXX_LIBRARY = "libc++";
				CLANG_ENABLE_MODULES = YES;
				CLANG_ENABLE_OBJC_ARC = YES;
				CLANG_WARN_BOOL_CONVERSION = YES;
				CLANG_WARN_CONSTANT_CONVERSION = YES;
				CLANG_WARN_DIRECT_OBJC_ISA_USAGE = YES_ERROR;
				CLANG_WARN_EMPTY_BODY = YES;
				CLANG_WARN_ENUM_CONVERSION = YES;
				CLANG_WARN_INT_CONVERSION = YES;
				CLANG_WARN_OBJC_ROOT_CLASS = YES_ERROR;
				CLANG_WARN_UNREACHABLE_CODE = YES;
				CLANG_WARN__DUPLICATE_METHOD_MATCH = YES;
				"CODE_SIGN_IDENTITY[sdk=iphoneos*]" = "iPhone Developer";
				COPY_PHASE_STRIP = NO;
				DEBUG_INFORMATION_FORMAT = dwarf;
				ENABLE_STRICT_OBJC_MSGSEND = YES;
				ENABLE_TESTABILITY = YES;
				GCC_C_LANGUAGE_STANDARD = gnu99;
				GCC_DYNAMIC_NO_PIC = NO;
				GCC_NO_COMMON_BLOCKS = YES;
				GCC_OPTIMIZATION_LEVEL = 0;
				GCC_PREPROCESSOR_DEFINITIONS = (
					"DEBUG=1",
					"$(inherited)",
				);
				GCC_WARN_64_TO_32_BIT_CONVERSION = YES;
				GCC_WARN_ABOUT_RETURN_TYPE = YES_ERROR;
				GCC_WARN_UNDECLARED_SELECTOR = YES;
				GCC_WARN_UNINITIALIZED_AUTOS = YES_AGGRESSIVE;
				GCC_WARN_UNUSED_FUNCTION = YES;
				GCC_WARN_UNUSED_VARIABLE = YES;
				IPHONEOS_DEPLOYMENT_TARGET = 9.3;
				MTL_ENABLE_DEBUG_INFO = YES;
				ONLY_ACTIVE_ARCH = YES;
				SDKROOT = iphoneos;
				SWIFT_OPTIMIZATION_LEVEL = "-Onone";
				TARGETED_DEVICE_FAMILY = "1,2";
			};
			name = Debug;
		};
		3B2D63691D86EFBC000BCA84 /* Release */ = {
			isa = XCBuildConfiguration;
			buildSettings = {
				ALWAYS_SEARCH_USER_PATHS = NO;
				CLANG_ANALYZER_NONNULL = YES;
				CLANG_CXX_LANGUAGE_STANDARD = "gnu++0x";
				CLANG_CXX_LIBRARY = "libc++";
				CLANG_ENABLE_MODULES = YES;
				CLANG_ENABLE_OBJC_ARC = YES;
				CLANG_WARN_BOOL_CONVERSION = YES;
				CLANG_WARN_CONSTANT_CONVERSION = YES;
				CLANG_WARN_DIRECT_OBJC_ISA_USAGE = YES_ERROR;
				CLANG_WARN_EMPTY_BODY = YES;
				CLANG_WARN_ENUM_CONVERSION = YES;
				CLANG_WARN_INT_CONVERSION = YES;
				CLANG_WARN_OBJC_ROOT_CLASS = YES_ERROR;
				CLANG_WARN_UNREACHABLE_CODE = YES;
				CLANG_WARN__DUPLICATE_METHOD_MATCH = YES;
				"CODE_SIGN_IDENTITY[sdk=iphoneos*]" = "iPhone Developer";
				COPY_PHASE_STRIP = NO;
				DEBUG_INFORMATION_FORMAT = "dwarf-with-dsym";
				ENABLE_NS_ASSERTIONS = NO;
				ENABLE_STRICT_OBJC_MSGSEND = YES;
				GCC_C_LANGUAGE_STANDARD = gnu99;
				GCC_NO_COMMON_BLOCKS = YES;
				GCC_WARN_64_TO_32_BIT_CONVERSION = YES;
				GCC_WARN_ABOUT_RETURN_TYPE = YES_ERROR;
				GCC_WARN_UNDECLARED_SELECTOR = YES;
				GCC_WARN_UNINITIALIZED_AUTOS = YES_AGGRESSIVE;
				GCC_WARN_UNUSED_FUNCTION = YES;
				GCC_WARN_UNUSED_VARIABLE = YES;
				IPHONEOS_DEPLOYMENT_TARGET = 9.3;
				MTL_ENABLE_DEBUG_INFO = NO;
				SDKROOT = iphoneos;
				TARGETED_DEVICE_FAMILY = "1,2";
				VALIDATE_PRODUCT = YES;
			};
			name = Release;
		};
		3B2D636B1D86EFBC000BCA84 /* Debug */ = {
			isa = XCBuildConfiguration;
			buildSettings = {
				ASSETCATALOG_COMPILER_APPICON_NAME = AppIcon;
				INFOPLIST_FILE = Perform/Info.plist;
				LD_RUNPATH_SEARCH_PATHS = "$(inherited) @executable_path/Frameworks";
				PRODUCT_BUNDLE_IDENTIFIER = colin.Perform;
				PRODUCT_NAME = "$(TARGET_NAME)";
				TARGETED_DEVICE_FAMILY = 1;
			};
			name = Debug;
		};
		3B2D636C1D86EFBC000BCA84 /* Release */ = {
			isa = XCBuildConfiguration;
			buildSettings = {
				ASSETCATALOG_COMPILER_APPICON_NAME = AppIcon;
				INFOPLIST_FILE = Perform/Info.plist;
				LD_RUNPATH_SEARCH_PATHS = "$(inherited) @executable_path/Frameworks";
				PRODUCT_BUNDLE_IDENTIFIER = colin.Perform;
				PRODUCT_NAME = "$(TARGET_NAME)";
				TARGETED_DEVICE_FAMILY = 1;
			};
			name = Release;
		};
		3B2D636E1D86EFBC000BCA84 /* Debug */ = {
			isa = XCBuildConfiguration;
			buildSettings = {
				BUNDLE_LOADER = "$(TEST_HOST)";
				INFOPLIST_FILE = PerformTests/Info.plist;
				LD_RUNPATH_SEARCH_PATHS = "$(inherited) @executable_path/Frameworks @loader_path/Frameworks";
				PRODUCT_BUNDLE_IDENTIFIER = colin.PerformTests;
				PRODUCT_NAME = "$(TARGET_NAME)";
				TEST_HOST = "$(BUILT_PRODUCTS_DIR)/Perform.app/Perform";
			};
			name = Debug;
		};
		3B2D636F1D86EFBC000BCA84 /* Release */ = {
			isa = XCBuildConfiguration;
			buildSettings = {
				BUNDLE_LOADER = "$(TEST_HOST)";
				INFOPLIST_FILE = PerformTests/Info.plist;
				LD_RUNPATH_SEARCH_PATHS = "$(inherited) @executable_path/Frameworks @loader_path/Frameworks";
				PRODUCT_BUNDLE_IDENTIFIER = colin.PerformTests;
				PRODUCT_NAME = "$(TARGET_NAME)";
				TEST_HOST = "$(BUILT_PRODUCTS_DIR)/Perform.app/Perform";
			};
			name = Release;
		};
		3B2D63711D86EFBC000BCA84 /* Debug */ = {
			isa = XCBuildConfiguration;
			buildSettings = {
				INFOPLIST_FILE = PerformUITests/Info.plist;
				LD_RUNPATH_SEARCH_PATHS = "$(inherited) @executable_path/Frameworks @loader_path/Frameworks";
				PRODUCT_BUNDLE_IDENTIFIER = colin.PerformUITests;
				PRODUCT_NAME = "$(TARGET_NAME)";
				TEST_TARGET_NAME = Perform;
			};
			name = Debug;
		};
		3B2D63721D86EFBC000BCA84 /* Release */ = {
			isa = XCBuildConfiguration;
			buildSettings = {
				INFOPLIST_FILE = PerformUITests/Info.plist;
				LD_RUNPATH_SEARCH_PATHS = "$(inherited) @executable_path/Frameworks @loader_path/Frameworks";
				PRODUCT_BUNDLE_IDENTIFIER = colin.PerformUITests;
				PRODUCT_NAME = "$(TARGET_NAME)";
				TEST_TARGET_NAME = Perform;
			};
			name = Release;
		};
/* End XCBuildConfiguration section */

/* Begin XCConfigurationList section */
		3B2D633D1D86EFBC000BCA84 /* Build configuration list for PBXProject "Perform" */ = {
			isa = XCConfigurationList;
			buildConfigurations = (
				3B2D63681D86EFBC000BCA84 /* Debug */,
				3B2D63691D86EFBC000BCA84 /* Release */,
			);
			defaultConfigurationIsVisible = 0;
			defaultConfigurationName = Release;
		};
		3B2D636A1D86EFBC000BCA84 /* Build configuration list for PBXNativeTarget "Perform" */ = {
			isa = XCConfigurationList;
			buildConfigurations = (
				3B2D636B1D86EFBC000BCA84 /* Debug */,
				3B2D636C1D86EFBC000BCA84 /* Release */,
			);
			defaultConfigurationIsVisible = 0;
		};
		3B2D636D1D86EFBC000BCA84 /* Build configuration list for PBXNativeTarget "PerformTests" */ = {
			isa = XCConfigurationList;
			buildConfigurations = (
				3B2D636E1D86EFBC000BCA84 /* Debug */,
				3B2D636F1D86EFBC000BCA84 /* Release */,
			);
			defaultConfigurationIsVisible = 0;
		};
		3B2D63701D86EFBC000BCA84 /* Build configuration list for PBXNativeTarget "PerformUITests" */ = {
			isa = XCConfigurationList;
			buildConfigurations = (
				3B2D63711D86EFBC000BCA84 /* Debug */,
				3B2D63721D86EFBC000BCA84 /* Release */,
			);
			defaultConfigurationIsVisible = 0;
		};
/* End XCConfigurationList section */
	};
	rootObject = 3B2D633A1D86EFBC000BCA84 /* Project object */;
}
